
Microsoft Visual Studio Solution File, Format Version 12.00
# Visual Studio Version 17
VisualStudioVersion = 17.10.35027.167
MinimumVisualStudioVersion = 10.0.40219.1
Project("{9A19103F-16F7-4668-BE54-9A1E7A4F7556}") = "casestudy2", "casestudy2\casestudy2.csproj", "{823BA86A-090D-43F6-B13B-721FE963E67C}"
EndProject
Project("{FAE04EC0-301F-11D3-BF4B-00C04F79EFBC}") = "casestudy2test", "casestudy2test\casestudy2test.csproj", "{318320A1-E497-42F0-8608-9D137F4B42B9}"
EndProject
Global
	GlobalSection(SolutionConfigurationPlatforms) = preSolution
		Debug|Any CPU = Debug|Any CPU
		Release|Any CPU = Release|Any CPU
	EndGlobalSection
	GlobalSection(ProjectConfigurationPlatforms) = postSolution
		{823BA86A-090D-43F6-B13B-721FE963E67C}.Debug|Any CPU.ActiveCfg = Debug|Any CPU
		{823BA86A-090D-43F6-B13B-721FE963E67C}.Debug|Any CPU.Build.0 = Debug|Any CPU
		{823BA86A-090D-43F6-B13B-721FE963E67C}.Release|Any CPU.ActiveCfg = Release|Any CPU
		{823BA86A-090D-43F6-B13B-721FE963E67C}.Release|Any CPU.Build.0 = Release|Any CPU
		{318320A1-E497-42F0-8608-9D137F4B42B9}.Debug|Any CPU.ActiveCfg = Debug|Any CPU
		{318320A1-E497-42F0-8608-9D137F4B42B9}.Debug|Any CPU.Build.0 = Debug|Any CPU
		{318320A1-E497-42F0-8608-9D137F4B42B9}.Release|Any CPU.ActiveCfg = Release|Any CPU
		{318320A1-E497-42F0-8608-9D137F4B42B9}.Release|Any CPU.Build.0 = Release|Any CPU
	EndGlobalSection
	GlobalSection(SolutionProperties) = preSolution
		HideSolutionNode = FALSE
	EndGlobalSection
	GlobalSection(ExtensibilityGlobals) = postSolution
		SolutionGuid = {B0690396-6805-431E-976C-C1A77F41152D}
	EndGlobalSection
EndGlobal
